// !$*UTF8*$!
{
	archiveVersion = 1;
	classes = {
	};
	objectVersion = 46;
	objects = {

/* Begin PBXBuildFile section */
		1485E8FB1DFF14DE001208CC /* AppDelegate.swift in Sources */ = {isa = PBXBuildFile; fileRef = 1485E8FA1DFF14DE001208CC /* AppDelegate.swift */; };
		1485E8FD1DFF14DE001208CC /* ViewController.swift in Sources */ = {isa = PBXBuildFile; fileRef = 1485E8FC1DFF14DE001208CC /* ViewController.swift */; };
		1485E9001DFF14DE001208CC /* Main.storyboard in Resources */ = {isa = PBXBuildFile; fileRef = 1485E8FE1DFF14DE001208CC /* Main.storyboard */; };
		1485E9021DFF14DF001208CC /* Assets.xcassets in Resources */ = {isa = PBXBuildFile; fileRef = 1485E9011DFF14DF001208CC /* Assets.xcassets */; };
		1485E9051DFF14DF001208CC /* LaunchScreen.storyboard in Resources */ = {isa = PBXBuildFile; fileRef = 1485E9031DFF14DF001208CC /* LaunchScreen.storyboard */; };
		1485E90D1DFF1555001208CC /* GoogleService-Info.plist in Resources */ = {isa = PBXBuildFile; fileRef = 1485E90C1DFF1555001208CC /* GoogleService-Info.plist */; };
		1485E90F1DFF17F3001208CC /* PhotoFireTableViewCell.swift in Sources */ = {isa = PBXBuildFile; fileRef = 1485E90E1DFF17F3001208CC /* PhotoFireTableViewCell.swift */; };
		1485E9111DFF1806001208CC /* FirePhoto.swift in Sources */ = {isa = PBXBuildFile; fileRef = 1485E9101DFF1806001208CC /* FirePhoto.swift */; };
		1485E9151DFF1A32001208CC /* FirebaseController.swift in Sources */ = {isa = PBXBuildFile; fileRef = 1485E9141DFF1A32001208CC /* FirebaseController.swift */; };
		BA344E4B08FD1A7C9EAADCF6 /* Pods_photoFire.framework in Frameworks */ = {isa = PBXBuildFile; fileRef = 1924B4555459CB840AC81709 /* Pods_photoFire.framework */; };
/* End PBXBuildFile section */

/* Begin PBXFileReference section */
		1485E8F71DFF14DE001208CC /* photoFire.app */ = {isa = PBXFileReference; explicitFileType = wrapper.application; includeInIndex = 0; path = photoFire.app; sourceTree = BUILT_PRODUCTS_DIR; };
		1485E8FA1DFF14DE001208CC /* AppDelegate.swift */ = {isa = PBXFileReference; lastKnownFileType = sourcecode.swift; path = AppDelegate.swift; sourceTree = "<group>"; };
		1485E8FC1DFF14DE001208CC /* ViewController.swift */ = {isa = PBXFileReference; lastKnownFileType = sourcecode.swift; path = ViewController.swift; sourceTree = "<group>"; };
		1485E8FF1DFF14DE001208CC /* Base */ = {isa = PBXFileReference; lastKnownFileType = file.storyboard; name = Base; path = Base.lproj/Main.storyboard; sourceTree = "<group>"; };
		1485E9011DFF14DF001208CC /* Assets.xcassets */ = {isa = PBXFileReference; lastKnownFileType = folder.assetcatalog; path = Assets.xcassets; sourceTree = "<group>"; };
		1485E9041DFF14DF001208CC /* Base */ = {isa = PBXFileReference; lastKnownFileType = file.storyboard; name = Base; path = Base.lproj/LaunchScreen.storyboard; sourceTree = "<group>"; };
		1485E9061DFF14DF001208CC /* Info.plist */ = {isa = PBXFileReference; lastKnownFileType = text.plist.xml; path = Info.plist; sourceTree = "<group>"; };
		1485E90C1DFF1555001208CC /* GoogleService-Info.plist */ = {isa = PBXFileReference; fileEncoding = 4; lastKnownFileType = text.plist.xml; path = "GoogleService-Info.plist"; sourceTree = "<group>"; };
		1485E90E1DFF17F3001208CC /* PhotoFireTableViewCell.swift */ = {isa = PBXFileReference; fileEncoding = 4; lastKnownFileType = sourcecode.swift; path = PhotoFireTableViewCell.swift; sourceTree = "<group>"; };
		1485E9101DFF1806001208CC /* FirePhoto.swift */ = {isa = PBXFileReference; fileEncoding = 4; lastKnownFileType = sourcecode.swift; path = FirePhoto.swift; sourceTree = "<group>"; };
		1485E9141DFF1A32001208CC /* FirebaseController.swift */ = {isa = PBXFileReference; fileEncoding = 4; lastKnownFileType = sourcecode.swift; path = FirebaseController.swift; sourceTree = "<group>"; };
		1924B4555459CB840AC81709 /* Pods_photoFire.framework */ = {isa = PBXFileReference; explicitFileType = wrapper.framework; includeInIndex = 0; path = Pods_photoFire.framework; sourceTree = BUILT_PRODUCTS_DIR; };
		363068A71789348EFD5E8CCD /* Pods-photoFire.debug.xcconfig */ = {isa = PBXFileReference; includeInIndex = 1; lastKnownFileType = text.xcconfig; name = "Pods-photoFire.debug.xcconfig"; path = "Pods/Target Support Files/Pods-photoFire/Pods-photoFire.debug.xcconfig"; sourceTree = "<group>"; };
		97298593C977F9ACD313AFF1 /* Pods-photoFire.release.xcconfig */ = {isa = PBXFileReference; includeInIndex = 1; lastKnownFileType = text.xcconfig; name = "Pods-photoFire.release.xcconfig"; path = "Pods/Target Support Files/Pods-photoFire/Pods-photoFire.release.xcconfig"; sourceTree = "<group>"; };
/* End PBXFileReference section */

/* Begin PBXFrameworksBuildPhase section */
		1485E8F41DFF14DE001208CC /* Frameworks */ = {
			isa = PBXFrameworksBuildPhase;
			buildActionMask = 2147483647;
			files = (
				BA344E4B08FD1A7C9EAADCF6 /* Pods_photoFire.framework in Frameworks */,
			);
			runOnlyForDeploymentPostprocessing = 0;
		};
/* End PBXFrameworksBuildPhase section */

/* Begin PBXGroup section */
		1485E8EE1DFF14DE001208CC = {
			isa = PBXGroup;
			children = (
				1485E8F91DFF14DE001208CC /* photoFire */,
				1485E8F81DFF14DE001208CC /* Products */,
				9F56046822E3E133A8302C44 /* Pods */,
				83D76F338EF512E342A22AFC /* Frameworks */,
			);
			sourceTree = "<group>";
		};
		1485E8F81DFF14DE001208CC /* Products */ = {
			isa = PBXGroup;
			children = (
				1485E8F71DFF14DE001208CC /* photoFire.app */,
			);
			name = Products;
			sourceTree = "<group>";
		};
		1485E8F91DFF14DE001208CC /* photoFire */ = {
			isa = PBXGroup;
			children = (
				1485E8FA1DFF14DE001208CC /* AppDelegate.swift */,
				1485E9171DFF1A57001208CC /* View Controllers */,
				1485E9131DFF1813001208CC /* Models */,
				1485E9121DFF180F001208CC /* Views */,
				1485E9161DFF1A3E001208CC /* Controllers */,
				1485E8FE1DFF14DE001208CC /* Main.storyboard */,
				1485E9011DFF14DF001208CC /* Assets.xcassets */,
				1485E9031DFF14DF001208CC /* LaunchScreen.storyboard */,
				1485E90C1DFF1555001208CC /* GoogleService-Info.plist */,
				1485E9061DFF14DF001208CC /* Info.plist */,
			);
			path = photoFire;
			sourceTree = "<group>";
		};
		1485E9121DFF180F001208CC /* Views */ = {
			isa = PBXGroup;
			children = (
				1485E90E1DFF17F3001208CC /* PhotoFireTableViewCell.swift */,
			);
			name = Views;
			sourceTree = "<group>";
		};
		1485E9131DFF1813001208CC /* Models */ = {
			isa = PBXGroup;
			children = (
				1485E9101DFF1806001208CC /* FirePhoto.swift */,
			);
			name = Models;
			sourceTree = "<group>";
		};
		1485E9161DFF1A3E001208CC /* Controllers */ = {
			isa = PBXGroup;
			children = (
				1485E9141DFF1A32001208CC /* FirebaseController.swift */,
			);
			name = Controllers;
			sourceTree = "<group>";
		};
		1485E9171DFF1A57001208CC /* View Controllers */ = {
			isa = PBXGroup;
			children = (
				1485E8FC1DFF14DE001208CC /* ViewController.swift */,
			);
			name = "View Controllers";
			sourceTree = "<group>";
		};
		83D76F338EF512E342A22AFC /* Frameworks */ = {
			isa = PBXGroup;
			children = (
				1924B4555459CB840AC81709 /* Pods_photoFire.framework */,
			);
			name = Frameworks;
			sourceTree = "<group>";
		};
		9F56046822E3E133A8302C44 /* Pods */ = {
			isa = PBXGroup;
			children = (
				363068A71789348EFD5E8CCD /* Pods-photoFire.debug.xcconfig */,
				97298593C977F9ACD313AFF1 /* Pods-photoFire.release.xcconfig */,
			);
			name = Pods;
			sourceTree = "<group>";
		};
/* End PBXGroup section */

/* Begin PBXNativeTarget section */
		1485E8F61DFF14DE001208CC /* photoFire */ = {
			isa = PBXNativeTarget;
			buildConfigurationList = 1485E9091DFF14DF001208CC /* Build configuration list for PBXNativeTarget "photoFire" */;
			buildPhases = (
				8A7750C24BBF2A8A727B1DEE /* [CP] Check Pods Manifest.lock */,
				1485E8F31DFF14DE001208CC /* Sources */,
				1485E8F41DFF14DE001208CC /* Frameworks */,
				1485E8F51DFF14DE001208CC /* Resources */,
				B50E4632B1368F9FC3055AC2 /* [CP] Embed Pods Frameworks */,
				344044FC387DC32FB597E11D /* [CP] Copy Pods Resources */,
			);
			buildRules = (
			);
			dependencies = (
			);
			name = photoFire;
			productName = photoFire;
			productReference = 1485E8F71DFF14DE001208CC /* photoFire.app */;
			productType = "com.apple.product-type.application";
		};
/* End PBXNativeTarget section */

/* Begin PBXProject section */
		1485E8EF1DFF14DE001208CC /* Project object */ = {
			isa = PBXProject;
			attributes = {
				LastSwiftUpdateCheck = 0810;
				LastUpgradeCheck = 0810;
				ORGANIZATIONNAME = "Sean Calkins";
				TargetAttributes = {
					1485E8F61DFF14DE001208CC = {
						CreatedOnToolsVersion = 8.1;
						DevelopmentTeam = 954HJ5Q475;
						ProvisioningStyle = Automatic;
					};
				};
			};
			buildConfigurationList = 1485E8F21DFF14DE001208CC /* Build configuration list for PBXProject "photoFire" */;
			compatibilityVersion = "Xcode 3.2";
			developmentRegion = English;
			hasScannedForEncodings = 0;
			knownRegions = (
				en,
				Base,
			);
			mainGroup = 1485E8EE1DFF14DE001208CC;
			productRefGroup = 1485E8F81DFF14DE001208CC /* Products */;
			projectDirPath = "";
			projectRoot = "";
			targets = (
				1485E8F61DFF14DE001208CC /* photoFire */,
			);
		};
/* End PBXProject section */

/* Begin PBXResourcesBuildPhase section */
		1485E8F51DFF14DE001208CC /* Resources */ = {
			isa = PBXResourcesBuildPhase;
			buildActionMask = 2147483647;
			files = (
				1485E9051DFF14DF001208CC /* LaunchScreen.storyboard in Resources */,
				1485E90D1DFF1555001208CC /* GoogleService-Info.plist in Resources */,
				1485E9021DFF14DF001208CC /* Assets.xcassets in Resources */,
				1485E9001DFF14DE001208CC /* Main.storyboard in Resources */,
			);
			runOnlyForDeploymentPostprocessing = 0;
		};
/* End PBXResourcesBuildPhase section */

/* Begin PBXShellScriptBuildPhase section */
		344044FC387DC32FB597E11D /* [CP] Copy Pods Resources */ = {
			isa = PBXShellScriptBuildPhase;
			buildActionMask = 2147483647;
			files = (
			);
			inputPaths = (
			);
			name = "[CP] Copy Pods Resources";
			outputPaths = (
			);
			runOnlyForDeploymentPostprocessing = 0;
			shellPath = /bin/sh;
			shellScript = "\"${SRCROOT}/Pods/Target Support Files/Pods-photoFire/Pods-photoFire-resources.sh\"\n";
			showEnvVarsInLog = 0;
		};
		8A7750C24BBF2A8A727B1DEE /* [CP] Check Pods Manifest.lock */ = {
			isa = PBXShellScriptBuildPhase;
			buildActionMask = 2147483647;
			files = (
			);
			inputPaths = (
			);
			name = "[CP] Check Pods Manifest.lock";
			outputPaths = (
			);
			runOnlyForDeploymentPostprocessing = 0;
			shellPath = /bin/sh;
			shellScript = "diff \"${PODS_ROOT}/../Podfile.lock\" \"${PODS_ROOT}/Manifest.lock\" > /dev/null\nif [[ $? != 0 ]] ; then\n    cat << EOM\nerror: The sandbox is not in sync with the Podfile.lock. Run 'pod install' or update your CocoaPods installation.\nEOM\n    exit 1\nfi\n";
			showEnvVarsInLog = 0;
		};
		B50E4632B1368F9FC3055AC2 /* [CP] Embed Pods Frameworks */ = {
			isa = PBXShellScriptBuildPhase;
			buildActionMask = 2147483647;
			files = (
			);
			inputPaths = (
			);
			name = "[CP] Embed Pods Frameworks";
			outputPaths = (
			);
			runOnlyForDeploymentPostprocessing = 0;
			shellPath = /bin/sh;
			shellScript = "\"${SRCROOT}/Pods/Target Support Files/Pods-photoFire/Pods-photoFire-frameworks.sh\"\n";
			showEnvVarsInLog = 0;
		};
/* End PBXShellScriptBuildPhase section */

/* Begin PBXSourcesBuildPhase section */
		1485E8F31DFF14DE001208CC /* Sources */ = {
			isa = PBXSourcesBuildPhase;
			buildActionMask = 2147483647;
			files = (
				1485E9151DFF1A32001208CC /* FirebaseController.swift in Sources */,
				1485E9111DFF1806001208CC /* FirePhoto.swift in Sources */,
				1485E90F1DFF17F3001208CC /* PhotoFireTableViewCell.swift in Sources */,
				1485E8FD1DFF14DE001208CC /* ViewController.swift in Sources */,
				1485E8FB1DFF14DE001208CC /* AppDelegate.swift in Sources */,
			);
			runOnlyForDeploymentPostprocessing = 0;
		};
/* End PBXSourcesBuildPhase section */

/* Begin PBXVariantGroup section */
		1485E8FE1DFF14DE001208CC /* Main.storyboard */ = {
			isa = PBXVariantGroup;
			children = (
				1485E8FF1DFF14DE001208CC /* Base */,
			);
			name = Main.storyboard;
			sourceTree = "<group>";
		};
		1485E9031DFF14DF001208CC /* LaunchScreen.storyboard */ = {
			isa = PBXVariantGroup;
			children = (
				1485E9041DFF14DF001208CC /* Base */,
			);
			name = LaunchScreen.storyboard;
			sourceTree = "<group>";
		};
/* End PBXVariantGroup section */

/* Begin XCBuildConfiguration section */
		1485E9071DFF14DF001208CC /* Debug */ = {
			isa = XCBuildConfiguration;
			buildSettings = {
				ALWAYS_SEARCH_USER_PATHS = NO;
				CLANG_ANALYZER_NONNULL = YES;
				CLANG_CXX_LANGUAGE_STANDARD = "gnu++0x";
				CLANG_CXX_LIBRARY = "libc++";
				CLANG_ENABLE_MODULES = YES;
				CLANG_ENABLE_OBJC_ARC = YES;
				CLANG_WARN_BOOL_CONVERSION = YES;
				CLANG_WARN_CONSTANT_CONVERSION = YES;
				CLANG_WARN_DIRECT_OBJC_ISA_USAGE = YES_ERROR;
				CLANG_WARN_DOCUMENTATION_COMMENTS = YES;
				CLANG_WARN_EMPTY_BODY = YES;
				CLANG_WARN_ENUM_CONVERSION = YES;
				CLANG_WARN_INFINITE_RECURSION = YES;
				CLANG_WARN_INT_CONVERSION = YES;
				CLANG_WARN_OBJC_ROOT_CLASS = YES_ERROR;
				CLANG_WARN_SUSPICIOUS_MOVES = YES;
				CLANG_WARN_UNREACHABLE_CODE = YES;
				CLANG_WARN__DUPLICATE_METHOD_MATCH = YES;
				"CODE_SIGN_IDENTITY[sdk=iphoneos*]" = "iPhone Developer";
				COPY_PHASE_STRIP = NO;
				DEBUG_INFORMATION_FORMAT = dwarf;
				ENABLE_STRICT_OBJC_MSGSEND = YES;
				ENABLE_TESTABILITY = YES;
				GCC_C_LANGUAGE_STANDARD = gnu99;
				GCC_DYNAMIC_NO_PIC = NO;
				GCC_NO_COMMON_BLOCKS = YES;
				GCC_OPTIMIZATION_LEVEL = 0;
				GCC_PREPROCESSOR_DEFINITIONS = (
					"DEBUG=1",
					"$(inherited)",
				);
				GCC_WARN_64_TO_32_BIT_CONVERSION = YES;
				GCC_WARN_ABOUT_RETURN_TYPE = YES_ERROR;
				GCC_WARN_UNDECLARED_SELECTOR = YES;
				GCC_WARN_UNINITIALIZED_AUTOS = YES_AGGRESSIVE;
				GCC_WARN_UNUSED_FUNCTION = YES;
				GCC_WARN_UNUSED_VARIABLE = YES;
				IPHONEOS_DEPLOYMENT_TARGET = 10.1;
				MTL_ENABLE_DEBUG_INFO = YES;
				ONLY_ACTIVE_ARCH = YES;
				SDKROOT = iphoneos;
				SWIFT_ACTIVE_COMPILATION_CONDITIONS = DEBUG;
				SWIFT_OPTIMIZATION_LEVEL = "-Onone";
			};
			name = Debug;
		};
		1485E9081DFF14DF001208CC /* Release */ = {
			isa = XCBuildConfiguration;
			buildSettings = {
				ALWAYS_SEARCH_USER_PATHS = NO;
				CLANG_ANALYZER_NONNULL = YES;
				CLANG_CXX_LANGUAGE_STANDARD = "gnu++0x";
				CLANG_CXX_LIBRARY = "libc++";
				CLANG_ENABLE_MODULES = YES;
				CLANG_ENABLE_OBJC_ARC = YES;
				CLANG_WARN_BOOL_CONVERSION = YES;
				CLANG_WARN_CONSTANT_CONVERSION = YES;
				CLANG_WARN_DIRECT_OBJC_ISA_USAGE = YES_ERROR;
				CLANG_WARN_DOCUMENTATION_COMMENTS = YES;
				CLANG_WARN_EMPTY_BODY = YES;
				CLANG_WARN_ENUM_CONVERSION = YES;
				CLANG_WARN_INFINITE_RECURSION = YES;
				CLANG_WARN_INT_CONVERSION = YES;
				CLANG_WARN_OBJC_ROOT_CLASS = YES_ERROR;
				CLANG_WARN_SUSPICIOUS_MOVES = YES;
				CLANG_WARN_UNREACHABLE_CODE = YES;
				CLANG_WARN__DUPLICATE_METHOD_MATCH = YES;
				"CODE_SIGN_IDENTITY[sdk=iphoneos*]" = "iPhone Developer";
				COPY_PHASE_STRIP = NO;
				DEBUG_INFORMATION_FORMAT = "dwarf-with-dsym";
				ENABLE_NS_ASSERTIONS = NO;
				ENABLE_STRICT_OBJC_MSGSEND = YES;
				GCC_C_LANGUAGE_STANDARD = gnu99;
				GCC_NO_COMMON_BLOCKS = YES;
				GCC_WARN_64_TO_32_BIT_CONVERSION = YES;
				GCC_WARN_ABOUT_RETURN_TYPE = YES_ERROR;
				GCC_WARN_UNDECLARED_SELECTOR = YES;
				GCC_WARN_UNINITIALIZED_AUTOS = YES_AGGRESSIVE;
				GCC_WARN_UNUSED_FUNCTION = YES;
				GCC_WARN_UNUSED_VARIABLE = YES;
				IPHONEOS_DEPLOYMENT_TARGET = 10.1;
				MTL_ENABLE_DEBUG_INFO = NO;
				SDKROOT = iphoneos;
				SWIFT_OPTIMIZATION_LEVEL = "-Owholemodule";
				VALIDATE_PRODUCT = YES;
			};
			name = Release;
		};
		1485E90A1DFF14DF001208CC /* Debug */ = {
			isa = XCBuildConfiguration;
			baseConfigurationReference = 363068A71789348EFD5E8CCD /* Pods-photoFire.debug.xcconfig */;
			buildSettings = {
				ASSETCATALOG_COMPILER_APPICON_NAME = AppIcon;
				DEVELOPMENT_TEAM = 954HJ5Q475;
				INFOPLIST_FILE = photoFire/Info.plist;
				LD_RUNPATH_SEARCH_PATHS = "$(inherited) @executable_path/Frameworks";
				PRODUCT_BUNDLE_IDENTIFIER = com.seanCalkins.photoFire;
				PRODUCT_NAME = "$(TARGET_NAME)";
				SWIFT_VERSION = 3.0;
			};
			name = Debug;
		};
		1485E90B1DFF14DF001208CC /* Release */ = {
			isa = XCBuildConfiguration;
			baseConfigurationReference = 97298593C977F9ACD313AFF1 /* Pods-photoFire.release.xcconfig */;
			buildSettings = {
				ASSETCATALOG_COMPILER_APPICON_NAME = AppIcon;
				DEVELOPMENT_TEAM = 954HJ5Q475;
				INFOPLIST_FILE = photoFire/Info.plist;
				LD_RUNPATH_SEARCH_PATHS = "$(inherited) @executable_path/Frameworks";
				PRODUCT_BUNDLE_IDENTIFIER = com.seanCalkins.photoFire;
				PRODUCT_NAME = "$(TARGET_NAME)";
				SWIFT_VERSION = 3.0;
			};
			name = Release;
		};
/* End XCBuildConfiguration section */

/* Begin XCConfigurationList section */
		1485E8F21DFF14DE001208CC /* Build configuration list for PBXProject "photoFire" */ = {
			isa = XCConfigurationList;
			buildConfigurations = (
				1485E9071DFF14DF001208CC /* Debug */,
				1485E9081DFF14DF001208CC /* Release */,
			);
			defaultConfigurationIsVisible = 0;
			defaultConfigurationName = Release;
		};
		1485E9091DFF14DF001208CC /* Build configuration list for PBXNativeTarget "photoFire" */ = {
			isa = XCConfigurationList;
			buildConfigurations = (
				1485E90A1DFF14DF001208CC /* Debug */,
				1485E90B1DFF14DF001208CC /* Release */,
			);
			defaultConfigurationIsVisible = 0;
			defaultConfigurationName = Release;
		};
/* End XCConfigurationList section */
	};
	rootObject = 1485E8EF1DFF14DE001208CC /* Project object */;
}
